# This file is automatically @generated by Cargo.
# It is not intended for manual editing.
version = 3

[[package]]
name = "Box"
version = "0.1.0"

[[package]]
name = "Drop"
version = "0.1.0"

[[package]]
name = "Rc"
version = "0.1.0"

[[package]]
name = "RefCell"
version = "0.1.0"

[[package]]
name = "ref_cycle"
version = "0.1.0"

[[package]]
name = "smart_pointers"
version = "0.1.0"
dependencies = [
 "Box",
 "Drop",
 "Rc",
 "RefCell",
 "ref_cycle",
]
